
Microsoft Visual Studio Solution File, Format Version 12.00
# Visual Studio Version 16
VisualStudioVersion = 16.0.31229.75
MinimumVisualStudioVersion = 10.0.40219.1
Project("{2150E333-8FDC-42A3-9474-1A3956D46DE8}") = "01.DataAccessLayer", "01.DataAccessLayer", "{110AAB68-8112-469C-BC01-11EC75EA7F9B}"
EndProject
Project("{2150E333-8FDC-42A3-9474-1A3956D46DE8}") = "02.BusinessLayer", "02.BusinessLayer", "{B50392FE-C57E-4295-9EE4-51664419BC25}"
EndProject
Project("{2150E333-8FDC-42A3-9474-1A3956D46DE8}") = "03.EntitiesLayer", "03.EntitiesLayer", "{DD7D29FE-3D5B-441E-B4D1-8B46C1D7C1EC}"
EndProject
Project("{2150E333-8FDC-42A3-9474-1A3956D46DE8}") = "04.UserInterfaceLayer", "04.UserInterfaceLayer", "{D417FAB2-2F6B-4BC7-8568-6FB86D2E2F20}"
EndProject
Project("{FAE04EC0-301F-11D3-BF4B-00C04F79EFBC}") = "DA.MaterialPrinterLab", "DA.MaterialPrinterLab\DA.MaterialPrinterLab.csproj", "{1411810C-1D0C-4726-B0BF-2FA152CD4EFF}"
EndProject
Project("{FAE04EC0-301F-11D3-BF4B-00C04F79EFBC}") = "EL.MaterialPrinterLab", "EL.MaterialPrinterLab\EL.MaterialPrinterLab.csproj", "{CBA0B96F-142D-4396-B1D2-7415FD837766}"
EndProject
Global
	GlobalSection(SolutionConfigurationPlatforms) = preSolution
		Debug|Any CPU = Debug|Any CPU
		Release|Any CPU = Release|Any CPU
	EndGlobalSection
	GlobalSection(ProjectConfigurationPlatforms) = postSolution
		{1411810C-1D0C-4726-B0BF-2FA152CD4EFF}.Debug|Any CPU.ActiveCfg = Debug|Any CPU
		{1411810C-1D0C-4726-B0BF-2FA152CD4EFF}.Debug|Any CPU.Build.0 = Debug|Any CPU
		{1411810C-1D0C-4726-B0BF-2FA152CD4EFF}.Release|Any CPU.ActiveCfg = Release|Any CPU
		{1411810C-1D0C-4726-B0BF-2FA152CD4EFF}.Release|Any CPU.Build.0 = Release|Any CPU
		{CBA0B96F-142D-4396-B1D2-7415FD837766}.Debug|Any CPU.ActiveCfg = Debug|Any CPU
		{CBA0B96F-142D-4396-B1D2-7415FD837766}.Debug|Any CPU.Build.0 = Debug|Any CPU
		{CBA0B96F-142D-4396-B1D2-7415FD837766}.Release|Any CPU.ActiveCfg = Release|Any CPU
		{CBA0B96F-142D-4396-B1D2-7415FD837766}.Release|Any CPU.Build.0 = Release|Any CPU
	EndGlobalSection
	GlobalSection(SolutionProperties) = preSolution
		HideSolutionNode = FALSE
	EndGlobalSection
	GlobalSection(NestedProjects) = preSolution
		{1411810C-1D0C-4726-B0BF-2FA152CD4EFF} = {110AAB68-8112-469C-BC01-11EC75EA7F9B}
		{CBA0B96F-142D-4396-B1D2-7415FD837766} = {DD7D29FE-3D5B-441E-B4D1-8B46C1D7C1EC}
	EndGlobalSection
	GlobalSection(ExtensibilityGlobals) = postSolution
		SolutionGuid = {153CA00F-51F0-4158-B3FC-33A89666D8AB}
	EndGlobalSection
EndGlobal
